
Microsoft Visual Studio Solution File, Format Version 12.00
# Visual Studio 15
VisualStudioVersion = 15.0.27428.2015
MinimumVisualStudioVersion = 10.0.40219.1
Project("{9A19103F-16F7-4668-BE54-9A1E7A4F7556}") = "devfestweekend", "devfestweekend.csproj", "{AFF7FA22-8CF0-464E-9224-3E56DF378FEA}"
EndProject
Global
	GlobalSection(SolutionConfigurationPlatforms) = preSolution
		Debug|Any CPU = Debug|Any CPU
		Release|Any CPU = Release|Any CPU
	EndGlobalSection
	GlobalSection(ProjectConfigurationPlatforms) = postSolution
		{AFF7FA22-8CF0-464E-9224-3E56DF378FEA}.Debug|Any CPU.ActiveCfg = Debug|Any CPU
		{AFF7FA22-8CF0-464E-9224-3E56DF378FEA}.Debug|Any CPU.Build.0 = Debug|Any CPU
		{AFF7FA22-8CF0-464E-9224-3E56DF378FEA}.Release|Any CPU.ActiveCfg = Release|Any CPU
		{AFF7FA22-8CF0-464E-9224-3E56DF378FEA}.Release|Any CPU.Build.0 = Release|Any CPU
	EndGlobalSection
	GlobalSection(SolutionProperties) = preSolution
		HideSolutionNode = FALSE
	EndGlobalSection
	GlobalSection(ExtensibilityGlobals) = postSolution
		SolutionGuid = {D4D8DF72-618F-4CB2-8B8B-9A03908A5915}
	EndGlobalSection
EndGlobal
